
Microsoft Visual Studio Solution File, Format Version 12.00
# Visual Studio Version 17
VisualStudioVersion = 17.4.33122.133
MinimumVisualStudioVersion = 10.0.40219.1
Project("{9A19103F-16F7-4668-BE54-9A1E7A4F7556}") = "GoTalkWEB", "GoTalkWEB\GoTalkWEB.csproj", "{17EEFDCA-136F-4F7B-A913-6522CE2F4A78}"
EndProject
Project("{9A19103F-16F7-4668-BE54-9A1E7A4F7556}") = "GoTalkSIP", "GoTalkSIP\GoTalkSIP.csproj", "{0B417FC4-812C-4ED2-AFEF-18DDFB8D68F1}"
EndProject
Global
	GlobalSection(SolutionConfigurationPlatforms) = preSolution
		Debug|Any CPU = Debug|Any CPU
		Release|Any CPU = Release|Any CPU
	EndGlobalSection
	GlobalSection(ProjectConfigurationPlatforms) = postSolution
		{17EEFDCA-136F-4F7B-A913-6522CE2F4A78}.Debug|Any CPU.ActiveCfg = Debug|Any CPU
		{17EEFDCA-136F-4F7B-A913-6522CE2F4A78}.Debug|Any CPU.Build.0 = Debug|Any CPU
		{17EEFDCA-136F-4F7B-A913-6522CE2F4A78}.Release|Any CPU.ActiveCfg = Release|Any CPU
		{17EEFDCA-136F-4F7B-A913-6522CE2F4A78}.Release|Any CPU.Build.0 = Release|Any CPU
		{0B417FC4-812C-4ED2-AFEF-18DDFB8D68F1}.Debug|Any CPU.ActiveCfg = Debug|Any CPU
		{0B417FC4-812C-4ED2-AFEF-18DDFB8D68F1}.Debug|Any CPU.Build.0 = Debug|Any CPU
		{0B417FC4-812C-4ED2-AFEF-18DDFB8D68F1}.Release|Any CPU.ActiveCfg = Release|Any CPU
		{0B417FC4-812C-4ED2-AFEF-18DDFB8D68F1}.Release|Any CPU.Build.0 = Release|Any CPU
	EndGlobalSection
	GlobalSection(SolutionProperties) = preSolution
		HideSolutionNode = FALSE
	EndGlobalSection
	GlobalSection(ExtensibilityGlobals) = postSolution
		SolutionGuid = {39CE26CE-EA2B-4784-A4BB-B5EC7C2ECF2D}
	EndGlobalSection
EndGlobal
